
Microsoft Visual Studio Solution File, Format Version 12.00
# Visual Studio Version 17
VisualStudioVersion = 17.10.35027.167
MinimumVisualStudioVersion = 10.0.40219.1
Project("{FAE04EC0-301F-11D3-BF4B-00C04F79EFBC}") = "ClEvSy", "ClEvSy\ClEvSy.csproj", "{2F1004F6-98C5-4FB4-9D02-36A44F613F6C}"
EndProject
Project("{FAE04EC0-301F-11D3-BF4B-00C04F79EFBC}") = "TestRaspBarry", "TestRaspBarry\TestRaspBarry.csproj", "{0976499A-24D6-4DBE-BA67-CAD37FB9C1E9}"
EndProject
Project("{FAE04EC0-301F-11D3-BF4B-00C04F79EFBC}") = "WinRaspberry48", "WinRaspberry48\WinRaspberry48.csproj", "{ACEEAE38-B317-4215-9579-81FC889DD1F5}"
EndProject
Project("{FAE04EC0-301F-11D3-BF4B-00C04F79EFBC}") = "SemanticProcessor", "SemanticProcessor\SemanticProcessor.csproj", "{F3A3A795-935E-48A9-AF0E-0649BEB752FA}"
EndProject
Project("{FAE04EC0-301F-11D3-BF4B-00C04F79EFBC}") = "SocketManagerInfo", "SocketManagerInfo\SocketManagerInfo.csproj", "{86479DBC-394F-4EE6-B833-4241DC4543F9}"
EndProject
Project("{FAE04EC0-301F-11D3-BF4B-00C04F79EFBC}") = "MasterLogMutex", "MasterLogMutex\MasterLogMutex.csproj", "{D990905E-13C5-40E4-95C0-B16737834777}"
EndProject
Project("{FAE04EC0-301F-11D3-BF4B-00C04F79EFBC}") = "MessaggiErrore", "MessaggiErrore\MessaggiErrore.csproj", "{C4BE31BA-71EC-420F-AD75-58C661011B5A}"
EndProject
Project("{FAE04EC0-301F-11D3-BF4B-00C04F79EFBC}") = "SocketManager", "SocketManager\SocketManager.csproj", "{D628C45F-2369-4E52-9CB6-EF7D6E1888DD}"
EndProject
Project("{FAE04EC0-301F-11D3-BF4B-00C04F79EFBC}") = "CommandHandlers", "CommandHandlers\CommandHandlers.csproj", "{78F37CCC-727B-4FDF-BC20-8F51F2DFAE88}"
EndProject
Project("{FAE04EC0-301F-11D3-BF4B-00C04F79EFBC}") = "MIU.Core", "MIU.Core\MIU.Core.csproj", "{08BE24DF-CAE2-4056-A14E-80AAE6D10C87}"
EndProject
Project("{FAE04EC0-301F-11D3-BF4B-00C04F79EFBC}") = "MIU.Core.tester", "MIU.Core.tester\MIU.Core.tester.csproj", "{D7E9A321-39E6-488A-A539-F2030F7B0B1E}"
EndProject
Project("{FAE04EC0-301F-11D3-BF4B-00C04F79EFBC}") = "EvolutiveSystem.SQL.Core", "EvolutiveSystem.SQL.Core\EvolutiveSystem.SQL.Core.csproj", "{59F3126F-6FED-40D0-AB71-5439FE3F161F}"
EndProject
Project("{FAE04EC0-301F-11D3-BF4B-00C04F79EFBC}") = "EvolutiveSystem.Common", "EvolutiveSystem.Common\EvolutiveSystem.Common.csproj", "{9D613C08-BA04-4F37-8CCE-628BFA9256D4}"
EndProject
Project("{FAE04EC0-301F-11D3-BF4B-00C04F79EFBC}") = "EvolutiveSystem.Learning", "EvolutiveSystem.Learning\EvolutiveSystem.Learning.csproj", "{65834756-C570-4269-AFEC-759B174FC02E}"
EndProject
Project("{FAE04EC0-301F-11D3-BF4B-00C04F79EFBC}") = "MiuSystemWorker", "MiuSystemWorker\MiuSystemWorker.csproj", "{84F2986B-2CAD-4580-950C-FF7B8F0B598B}"
EndProject
Project("{FAE04EC0-301F-11D3-BF4B-00C04F79EFBC}") = "MiuSystemExplorerTestApp", "MiuSystemExplorerTestApp\MiuSystemExplorerTestApp.csproj", "{4CB94A22-4FAF-498F-B418-3AC71A48559A}"
EndProject
Project("{FAE04EC0-301F-11D3-BF4B-00C04F79EFBC}") = "FormalSystem.Worker", "FormalSystem.Worker\FormalSystem.Worker.csproj", "{A2AB32C2-867F-4118-A2F8-887CF5A38856}"
EndProject
Project("{FAE04EC0-301F-11D3-BF4B-00C04F79EFBC}") = "EvolutiveSystem.MIUExplorer", "EvolutiveSystem.MIUExplorer\EvolutiveSystem.MIUExplorer.csproj", "{F6B203CD-E169-485F-8F83-9DDA17D86FBB}"
EndProject
Project("{FAE04EC0-301F-11D3-BF4B-00C04F79EFBC}") = "EvolutiveSystem.Logic", "EvolutiveSystem.Logic\EvolutiveSystem.Logic.csproj", "{A2971FDD-A502-4EE6-9E30-B95E65BF1D6C}"
EndProject
Project("{FAE04EC0-301F-11D3-BF4B-00C04F79EFBC}") = "EvolutiveSystem.Engine", "EvolutiveSystem.Engine\EvolutiveSystem.Engine.csproj", "{0F8A47F7-FDFA-4ADA-B372-B0636F2B16F8}"
EndProject
Project("{FAE04EC0-301F-11D3-BF4B-00C04F79EFBC}") = "EvolutiveSystem.Services", "EvolutiveSystem.Services\EvolutiveSystem.Services.csproj", "{AE2B69FA-9233-411F-98BC-5FD45AF24167}"
EndProject
Project("{FAE04EC0-301F-11D3-BF4B-00C04F79EFBC}") = "EvolutiveSystem.Automation", "EvolutiveSystem.Automation\EvolutiveSystem.Automation.csproj", "{96899867-986F-4BC2-A86A-7763F2F894D5}"
EndProject
Project("{FAE04EC0-301F-11D3-BF4B-00C04F79EFBC}") = "AsyncSocketServer", "AsyncSocketServer\AsyncSocketServer\AsyncSocketServer.csproj", "{C56B8471-E33B-463A-B0A5-90A7D8A20DDB}"
EndProject
Project("{FAE04EC0-301F-11D3-BF4B-00C04F79EFBC}") = "EvolutiveSystem.Taxonomy", "EvolutiveSystem.Taxonomy\EvolutiveSystem.Taxonomy.csproj", "{A8026815-12AE-4CD2-9D45-CF663A76C1C1}"
EndProject
Project("{FAE04EC0-301F-11D3-BF4B-00C04F79EFBC}") = "EvolutiveSystem.TaxonomyOrchestration", "EvolutiveSystem.TaxonomyOrchestration\EvolutiveSystem.TaxonomyOrchestration.csproj", "{027F26CC-452F-4FCF-8799-E48214C7F4C1}"
EndProject
Project("{FAE04EC0-301F-11D3-BF4B-00C04F79EFBC}") = "EvolutiveSystem.Taxonomy.Antithesis", "EvolutiveSystem.Taxonomy.Antithesis\EvolutiveSystem.Taxonomy.Antithesis.csproj", "{93957BF5-BE0F-4FD2-9414-DC463AA9D30B}"
EndProject
Project("{FAE04EC0-301F-11D3-BF4B-00C04F79EFBC}") = "EvolutiveSystem.Synthesis", "EvolutiveSystem.Synthesis\EvolutiveSystem.Synthesis.csproj", "{AC4D7FA4-8D0F-41D8-89FA-EDA895C3B036}"
EndProject
Project("{FAE04EC0-301F-11D3-BF4B-00C04F79EFBC}") = "EvolutiveSystem.QuantumSynthesis", "EvolutiveSystem.QuantumSynthesis\EvolutiveSystem.QuantumSynthesis.csproj", "{6CD68EAD-2C28-474F-840C-40C4DB8AA42B}"
EndProject
Project("{FAE04EC0-301F-11D3-BF4B-00C04F79EFBC}") = "EvolutiveSystem.Analog.DeepScan", "EvolutiveSystem.Analog.DeepScan\EvolutiveSystem.Analog.DeepScan.csproj", "{2E835F67-C8C5-4B9E-90F5-F19F5BE9128E}"
EndProject
Project("{FAE04EC0-301F-11D3-BF4B-00C04F79EFBC}") = "EvolutiveSystem.Abstractions", "EvolutiveSystem.Abstractions\EvolutiveSystem.Abstractions.csproj", "{46DBADA2-CE3B-49CF-B9E7-D87335BFB912}"
EndProject
Project("{FAE04EC0-301F-11D3-BF4B-00C04F79EFBC}") = "TestAnalyzer", "TestAnalyzer\TestAnalyzer.csproj", "{A258195B-0519-4699-BD86-83D4F9E9C8EA}"
EndProject
Global
	GlobalSection(SolutionConfigurationPlatforms) = preSolution
		Debug|Any CPU = Debug|Any CPU
		Debug|ARM64 = Debug|ARM64
		Release|Any CPU = Release|Any CPU
		Release|ARM64 = Release|ARM64
	EndGlobalSection
	GlobalSection(ProjectConfigurationPlatforms) = postSolution
		{2F1004F6-98C5-4FB4-9D02-36A44F613F6C}.Debug|Any CPU.ActiveCfg = Debug|Any CPU
		{2F1004F6-98C5-4FB4-9D02-36A44F613F6C}.Debug|Any CPU.Build.0 = Debug|Any CPU
		{2F1004F6-98C5-4FB4-9D02-36A44F613F6C}.Debug|ARM64.ActiveCfg = Debug|Any CPU
		{2F1004F6-98C5-4FB4-9D02-36A44F613F6C}.Debug|ARM64.Build.0 = Debug|Any CPU
		{2F1004F6-98C5-4FB4-9D02-36A44F613F6C}.Release|Any CPU.ActiveCfg = Release|Any CPU
		{2F1004F6-98C5-4FB4-9D02-36A44F613F6C}.Release|Any CPU.Build.0 = Release|Any CPU
		{2F1004F6-98C5-4FB4-9D02-36A44F613F6C}.Release|ARM64.ActiveCfg = Release|Any CPU
		{2F1004F6-98C5-4FB4-9D02-36A44F613F6C}.Release|ARM64.Build.0 = Release|Any CPU
		{0976499A-24D6-4DBE-BA67-CAD37FB9C1E9}.Debug|Any CPU.ActiveCfg = Debug|Any CPU
		{0976499A-24D6-4DBE-BA67-CAD37FB9C1E9}.Debug|Any CPU.Build.0 = Debug|Any CPU
		{0976499A-24D6-4DBE-BA67-CAD37FB9C1E9}.Debug|ARM64.ActiveCfg = Debug|ARM64
		{0976499A-24D6-4DBE-BA67-CAD37FB9C1E9}.Debug|ARM64.Build.0 = Debug|ARM64
		{0976499A-24D6-4DBE-BA67-CAD37FB9C1E9}.Release|Any CPU.ActiveCfg = Release|Any CPU
		{0976499A-24D6-4DBE-BA67-CAD37FB9C1E9}.Release|Any CPU.Build.0 = Release|Any CPU
		{0976499A-24D6-4DBE-BA67-CAD37FB9C1E9}.Release|ARM64.ActiveCfg = Release|ARM64
		{0976499A-24D6-4DBE-BA67-CAD37FB9C1E9}.Release|ARM64.Build.0 = Release|ARM64
		{ACEEAE38-B317-4215-9579-81FC889DD1F5}.Debug|Any CPU.ActiveCfg = Debug|Any CPU
		{ACEEAE38-B317-4215-9579-81FC889DD1F5}.Debug|Any CPU.Build.0 = Debug|Any CPU
		{ACEEAE38-B317-4215-9579-81FC889DD1F5}.Debug|ARM64.ActiveCfg = Debug|Any CPU
		{ACEEAE38-B317-4215-9579-81FC889DD1F5}.Debug|ARM64.Build.0 = Debug|Any CPU
		{ACEEAE38-B317-4215-9579-81FC889DD1F5}.Release|Any CPU.ActiveCfg = Release|Any CPU
		{ACEEAE38-B317-4215-9579-81FC889DD1F5}.Release|Any CPU.Build.0 = Release|Any CPU
		{ACEEAE38-B317-4215-9579-81FC889DD1F5}.Release|ARM64.ActiveCfg = Release|Any CPU
		{ACEEAE38-B317-4215-9579-81FC889DD1F5}.Release|ARM64.Build.0 = Release|Any CPU
		{F3A3A795-935E-48A9-AF0E-0649BEB752FA}.Debug|Any CPU.ActiveCfg = Debug|Any CPU
		{F3A3A795-935E-48A9-AF0E-0649BEB752FA}.Debug|Any CPU.Build.0 = Debug|Any CPU
		{F3A3A795-935E-48A9-AF0E-0649BEB752FA}.Debug|ARM64.ActiveCfg = Debug|Any CPU
		{F3A3A795-935E-48A9-AF0E-0649BEB752FA}.Debug|ARM64.Build.0 = Debug|Any CPU
		{F3A3A795-935E-48A9-AF0E-0649BEB752FA}.Release|Any CPU.ActiveCfg = Release|Any CPU
		{F3A3A795-935E-48A9-AF0E-0649BEB752FA}.Release|Any CPU.Build.0 = Release|Any CPU
		{F3A3A795-935E-48A9-AF0E-0649BEB752FA}.Release|ARM64.ActiveCfg = Release|Any CPU
		{F3A3A795-935E-48A9-AF0E-0649BEB752FA}.Release|ARM64.Build.0 = Release|Any CPU
		{86479DBC-394F-4EE6-B833-4241DC4543F9}.Debug|Any CPU.ActiveCfg = Debug|Any CPU
		{86479DBC-394F-4EE6-B833-4241DC4543F9}.Debug|Any CPU.Build.0 = Debug|Any CPU
		{86479DBC-394F-4EE6-B833-4241DC4543F9}.Debug|ARM64.ActiveCfg = Debug|Any CPU
		{86479DBC-394F-4EE6-B833-4241DC4543F9}.Debug|ARM64.Build.0 = Debug|Any CPU
		{86479DBC-394F-4EE6-B833-4241DC4543F9}.Release|Any CPU.ActiveCfg = Release|Any CPU
		{86479DBC-394F-4EE6-B833-4241DC4543F9}.Release|Any CPU.Build.0 = Release|Any CPU
		{86479DBC-394F-4EE6-B833-4241DC4543F9}.Release|ARM64.ActiveCfg = Release|Any CPU
		{86479DBC-394F-4EE6-B833-4241DC4543F9}.Release|ARM64.Build.0 = Release|Any CPU
		{D990905E-13C5-40E4-95C0-B16737834777}.Debug|Any CPU.ActiveCfg = Debug|Any CPU
		{D990905E-13C5-40E4-95C0-B16737834777}.Debug|Any CPU.Build.0 = Debug|Any CPU
		{D990905E-13C5-40E4-95C0-B16737834777}.Debug|ARM64.ActiveCfg = Debug|Any CPU
		{D990905E-13C5-40E4-95C0-B16737834777}.Debug|ARM64.Build.0 = Debug|Any CPU
		{D990905E-13C5-40E4-95C0-B16737834777}.Release|Any CPU.ActiveCfg = Release|Any CPU
		{D990905E-13C5-40E4-95C0-B16737834777}.Release|Any CPU.Build.0 = Release|Any CPU
		{D990905E-13C5-40E4-95C0-B16737834777}.Release|ARM64.ActiveCfg = Release|Any CPU
		{D990905E-13C5-40E4-95C0-B16737834777}.Release|ARM64.Build.0 = Release|Any CPU
		{C4BE31BA-71EC-420F-AD75-58C661011B5A}.Debug|Any CPU.ActiveCfg = Debug|Any CPU
		{C4BE31BA-71EC-420F-AD75-58C661011B5A}.Debug|Any CPU.Build.0 = Debug|Any CPU
		{C4BE31BA-71EC-420F-AD75-58C661011B5A}.Debug|ARM64.ActiveCfg = Debug|Any CPU
		{C4BE31BA-71EC-420F-AD75-58C661011B5A}.Debug|ARM64.Build.0 = Debug|Any CPU
		{C4BE31BA-71EC-420F-AD75-58C661011B5A}.Release|Any CPU.ActiveCfg = Release|Any CPU
		{C4BE31BA-71EC-420F-AD75-58C661011B5A}.Release|Any CPU.Build.0 = Release|Any CPU
		{C4BE31BA-71EC-420F-AD75-58C661011B5A}.Release|ARM64.ActiveCfg = Release|Any CPU
		{C4BE31BA-71EC-420F-AD75-58C661011B5A}.Release|ARM64.Build.0 = Release|Any CPU
		{D628C45F-2369-4E52-9CB6-EF7D6E1888DD}.Debug|Any CPU.ActiveCfg = Debug|Any CPU
		{D628C45F-2369-4E52-9CB6-EF7D6E1888DD}.Debug|Any CPU.Build.0 = Debug|Any CPU
		{D628C45F-2369-4E52-9CB6-EF7D6E1888DD}.Debug|ARM64.ActiveCfg = Debug|Any CPU
		{D628C45F-2369-4E52-9CB6-EF7D6E1888DD}.Debug|ARM64.Build.0 = Debug|Any CPU
		{D628C45F-2369-4E52-9CB6-EF7D6E1888DD}.Release|Any CPU.ActiveCfg = Release|Any CPU
		{D628C45F-2369-4E52-9CB6-EF7D6E1888DD}.Release|Any CPU.Build.0 = Release|Any CPU
		{D628C45F-2369-4E52-9CB6-EF7D6E1888DD}.Release|ARM64.ActiveCfg = Release|Any CPU
		{D628C45F-2369-4E52-9CB6-EF7D6E1888DD}.Release|ARM64.Build.0 = Release|Any CPU
		{78F37CCC-727B-4FDF-BC20-8F51F2DFAE88}.Debug|Any CPU.ActiveCfg = Debug|Any CPU
		{78F37CCC-727B-4FDF-BC20-8F51F2DFAE88}.Debug|Any CPU.Build.0 = Debug|Any CPU
		{78F37CCC-727B-4FDF-BC20-8F51F2DFAE88}.Debug|ARM64.ActiveCfg = Debug|Any CPU
		{78F37CCC-727B-4FDF-BC20-8F51F2DFAE88}.Debug|ARM64.Build.0 = Debug|Any CPU
		{78F37CCC-727B-4FDF-BC20-8F51F2DFAE88}.Release|Any CPU.ActiveCfg = Release|Any CPU
		{78F37CCC-727B-4FDF-BC20-8F51F2DFAE88}.Release|Any CPU.Build.0 = Release|Any CPU
		{78F37CCC-727B-4FDF-BC20-8F51F2DFAE88}.Release|ARM64.ActiveCfg = Release|Any CPU
		{78F37CCC-727B-4FDF-BC20-8F51F2DFAE88}.Release|ARM64.Build.0 = Release|Any CPU
		{08BE24DF-CAE2-4056-A14E-80AAE6D10C87}.Debug|Any CPU.ActiveCfg = Debug|Any CPU
		{08BE24DF-CAE2-4056-A14E-80AAE6D10C87}.Debug|Any CPU.Build.0 = Debug|Any CPU
		{08BE24DF-CAE2-4056-A14E-80AAE6D10C87}.Debug|ARM64.ActiveCfg = Debug|Any CPU
		{08BE24DF-CAE2-4056-A14E-80AAE6D10C87}.Debug|ARM64.Build.0 = Debug|Any CPU
		{08BE24DF-CAE2-4056-A14E-80AAE6D10C87}.Release|Any CPU.ActiveCfg = Release|Any CPU
		{08BE24DF-CAE2-4056-A14E-80AAE6D10C87}.Release|Any CPU.Build.0 = Release|Any CPU
		{08BE24DF-CAE2-4056-A14E-80AAE6D10C87}.Release|ARM64.ActiveCfg = Release|Any CPU
		{08BE24DF-CAE2-4056-A14E-80AAE6D10C87}.Release|ARM64.Build.0 = Release|Any CPU
		{D7E9A321-39E6-488A-A539-F2030F7B0B1E}.Debug|Any CPU.ActiveCfg = Debug|Any CPU
		{D7E9A321-39E6-488A-A539-F2030F7B0B1E}.Debug|Any CPU.Build.0 = Debug|Any CPU
		{D7E9A321-39E6-488A-A539-F2030F7B0B1E}.Debug|ARM64.ActiveCfg = Debug|Any CPU
		{D7E9A321-39E6-488A-A539-F2030F7B0B1E}.Debug|ARM64.Build.0 = Debug|Any CPU
		{D7E9A321-39E6-488A-A539-F2030F7B0B1E}.Release|Any CPU.ActiveCfg = Release|Any CPU
		{D7E9A321-39E6-488A-A539-F2030F7B0B1E}.Release|Any CPU.Build.0 = Release|Any CPU
		{D7E9A321-39E6-488A-A539-F2030F7B0B1E}.Release|ARM64.ActiveCfg = Release|Any CPU
		{D7E9A321-39E6-488A-A539-F2030F7B0B1E}.Release|ARM64.Build.0 = Release|Any CPU
		{59F3126F-6FED-40D0-AB71-5439FE3F161F}.Debug|Any CPU.ActiveCfg = Debug|Any CPU
		{59F3126F-6FED-40D0-AB71-5439FE3F161F}.Debug|Any CPU.Build.0 = Debug|Any CPU
		{59F3126F-6FED-40D0-AB71-5439FE3F161F}.Debug|ARM64.ActiveCfg = Debug|Any CPU
		{59F3126F-6FED-40D0-AB71-5439FE3F161F}.Debug|ARM64.Build.0 = Debug|Any CPU
		{59F3126F-6FED-40D0-AB71-5439FE3F161F}.Release|Any CPU.ActiveCfg = Release|Any CPU
		{59F3126F-6FED-40D0-AB71-5439FE3F161F}.Release|Any CPU.Build.0 = Release|Any CPU
		{59F3126F-6FED-40D0-AB71-5439FE3F161F}.Release|ARM64.ActiveCfg = Release|Any CPU
		{59F3126F-6FED-40D0-AB71-5439FE3F161F}.Release|ARM64.Build.0 = Release|Any CPU
		{9D613C08-BA04-4F37-8CCE-628BFA9256D4}.Debug|Any CPU.ActiveCfg = Debug|Any CPU
		{9D613C08-BA04-4F37-8CCE-628BFA9256D4}.Debug|Any CPU.Build.0 = Debug|Any CPU
		{9D613C08-BA04-4F37-8CCE-628BFA9256D4}.Debug|ARM64.ActiveCfg = Debug|Any CPU
		{9D613C08-BA04-4F37-8CCE-628BFA9256D4}.Debug|ARM64.Build.0 = Debug|Any CPU
		{9D613C08-BA04-4F37-8CCE-628BFA9256D4}.Release|Any CPU.ActiveCfg = Release|Any CPU
		{9D613C08-BA04-4F37-8CCE-628BFA9256D4}.Release|Any CPU.Build.0 = Release|Any CPU
		{9D613C08-BA04-4F37-8CCE-628BFA9256D4}.Release|ARM64.ActiveCfg = Release|Any CPU
		{9D613C08-BA04-4F37-8CCE-628BFA9256D4}.Release|ARM64.Build.0 = Release|Any CPU
		{65834756-C570-4269-AFEC-759B174FC02E}.Debug|Any CPU.ActiveCfg = Debug|Any CPU
		{65834756-C570-4269-AFEC-759B174FC02E}.Debug|Any CPU.Build.0 = Debug|Any CPU
		{65834756-C570-4269-AFEC-759B174FC02E}.Debug|ARM64.ActiveCfg = Debug|Any CPU
		{65834756-C570-4269-AFEC-759B174FC02E}.Debug|ARM64.Build.0 = Debug|Any CPU
		{65834756-C570-4269-AFEC-759B174FC02E}.Release|Any CPU.ActiveCfg = Release|Any CPU
		{65834756-C570-4269-AFEC-759B174FC02E}.Release|Any CPU.Build.0 = Release|Any CPU
		{65834756-C570-4269-AFEC-759B174FC02E}.Release|ARM64.ActiveCfg = Release|Any CPU
		{65834756-C570-4269-AFEC-759B174FC02E}.Release|ARM64.Build.0 = Release|Any CPU
		{84F2986B-2CAD-4580-950C-FF7B8F0B598B}.Debug|Any CPU.ActiveCfg = Debug|Any CPU
		{84F2986B-2CAD-4580-950C-FF7B8F0B598B}.Debug|Any CPU.Build.0 = Debug|Any CPU
		{84F2986B-2CAD-4580-950C-FF7B8F0B598B}.Debug|ARM64.ActiveCfg = Debug|Any CPU
		{84F2986B-2CAD-4580-950C-FF7B8F0B598B}.Debug|ARM64.Build.0 = Debug|Any CPU
		{84F2986B-2CAD-4580-950C-FF7B8F0B598B}.Release|Any CPU.ActiveCfg = Release|Any CPU
		{84F2986B-2CAD-4580-950C-FF7B8F0B598B}.Release|Any CPU.Build.0 = Release|Any CPU
		{84F2986B-2CAD-4580-950C-FF7B8F0B598B}.Release|ARM64.ActiveCfg = Release|Any CPU
		{84F2986B-2CAD-4580-950C-FF7B8F0B598B}.Release|ARM64.Build.0 = Release|Any CPU
		{4CB94A22-4FAF-498F-B418-3AC71A48559A}.Debug|Any CPU.ActiveCfg = Debug|Any CPU
		{4CB94A22-4FAF-498F-B418-3AC71A48559A}.Debug|Any CPU.Build.0 = Debug|Any CPU
		{4CB94A22-4FAF-498F-B418-3AC71A48559A}.Debug|ARM64.ActiveCfg = Debug|Any CPU
		{4CB94A22-4FAF-498F-B418-3AC71A48559A}.Debug|ARM64.Build.0 = Debug|Any CPU
		{4CB94A22-4FAF-498F-B418-3AC71A48559A}.Release|Any CPU.ActiveCfg = Release|Any CPU
		{4CB94A22-4FAF-498F-B418-3AC71A48559A}.Release|Any CPU.Build.0 = Release|Any CPU
		{4CB94A22-4FAF-498F-B418-3AC71A48559A}.Release|ARM64.ActiveCfg = Release|Any CPU
		{4CB94A22-4FAF-498F-B418-3AC71A48559A}.Release|ARM64.Build.0 = Release|Any CPU
		{A2AB32C2-867F-4118-A2F8-887CF5A38856}.Debug|Any CPU.ActiveCfg = Debug|Any CPU
		{A2AB32C2-867F-4118-A2F8-887CF5A38856}.Debug|Any CPU.Build.0 = Debug|Any CPU
		{A2AB32C2-867F-4118-A2F8-887CF5A38856}.Debug|ARM64.ActiveCfg = Debug|Any CPU
		{A2AB32C2-867F-4118-A2F8-887CF5A38856}.Debug|ARM64.Build.0 = Debug|Any CPU
		{A2AB32C2-867F-4118-A2F8-887CF5A38856}.Release|Any CPU.ActiveCfg = Release|Any CPU
		{A2AB32C2-867F-4118-A2F8-887CF5A38856}.Release|Any CPU.Build.0 = Release|Any CPU
		{A2AB32C2-867F-4118-A2F8-887CF5A38856}.Release|ARM64.ActiveCfg = Release|Any CPU
		{A2AB32C2-867F-4118-A2F8-887CF5A38856}.Release|ARM64.Build.0 = Release|Any CPU
		{F6B203CD-E169-485F-8F83-9DDA17D86FBB}.Debug|Any CPU.ActiveCfg = Debug|Any CPU
		{F6B203CD-E169-485F-8F83-9DDA17D86FBB}.Debug|Any CPU.Build.0 = Debug|Any CPU
		{F6B203CD-E169-485F-8F83-9DDA17D86FBB}.Debug|ARM64.ActiveCfg = Debug|Any CPU
		{F6B203CD-E169-485F-8F83-9DDA17D86FBB}.Debug|ARM64.Build.0 = Debug|Any CPU
		{F6B203CD-E169-485F-8F83-9DDA17D86FBB}.Release|Any CPU.ActiveCfg = Release|Any CPU
		{F6B203CD-E169-485F-8F83-9DDA17D86FBB}.Release|Any CPU.Build.0 = Release|Any CPU
		{F6B203CD-E169-485F-8F83-9DDA17D86FBB}.Release|ARM64.ActiveCfg = Release|Any CPU
		{F6B203CD-E169-485F-8F83-9DDA17D86FBB}.Release|ARM64.Build.0 = Release|Any CPU
		{A2971FDD-A502-4EE6-9E30-B95E65BF1D6C}.Debug|Any CPU.ActiveCfg = Debug|Any CPU
		{A2971FDD-A502-4EE6-9E30-B95E65BF1D6C}.Debug|Any CPU.Build.0 = Debug|Any CPU
		{A2971FDD-A502-4EE6-9E30-B95E65BF1D6C}.Debug|ARM64.ActiveCfg = Debug|Any CPU
		{A2971FDD-A502-4EE6-9E30-B95E65BF1D6C}.Debug|ARM64.Build.0 = Debug|Any CPU
		{A2971FDD-A502-4EE6-9E30-B95E65BF1D6C}.Release|Any CPU.ActiveCfg = Release|Any CPU
		{A2971FDD-A502-4EE6-9E30-B95E65BF1D6C}.Release|Any CPU.Build.0 = Release|Any CPU
		{A2971FDD-A502-4EE6-9E30-B95E65BF1D6C}.Release|ARM64.ActiveCfg = Release|Any CPU
		{A2971FDD-A502-4EE6-9E30-B95E65BF1D6C}.Release|ARM64.Build.0 = Release|Any CPU
		{0F8A47F7-FDFA-4ADA-B372-B0636F2B16F8}.Debug|Any CPU.ActiveCfg = Debug|Any CPU
		{0F8A47F7-FDFA-4ADA-B372-B0636F2B16F8}.Debug|Any CPU.Build.0 = Debug|Any CPU
		{0F8A47F7-FDFA-4ADA-B372-B0636F2B16F8}.Debug|ARM64.ActiveCfg = Debug|Any CPU
		{0F8A47F7-FDFA-4ADA-B372-B0636F2B16F8}.Debug|ARM64.Build.0 = Debug|Any CPU
		{0F8A47F7-FDFA-4ADA-B372-B0636F2B16F8}.Release|Any CPU.ActiveCfg = Release|Any CPU
		{0F8A47F7-FDFA-4ADA-B372-B0636F2B16F8}.Release|Any CPU.Build.0 = Release|Any CPU
		{0F8A47F7-FDFA-4ADA-B372-B0636F2B16F8}.Release|ARM64.ActiveCfg = Release|Any CPU
		{0F8A47F7-FDFA-4ADA-B372-B0636F2B16F8}.Release|ARM64.Build.0 = Release|Any CPU
		{AE2B69FA-9233-411F-98BC-5FD45AF24167}.Debug|Any CPU.ActiveCfg = Debug|Any CPU
		{AE2B69FA-9233-411F-98BC-5FD45AF24167}.Debug|Any CPU.Build.0 = Debug|Any CPU
		{AE2B69FA-9233-411F-98BC-5FD45AF24167}.Debug|ARM64.ActiveCfg = Debug|Any CPU
		{AE2B69FA-9233-411F-98BC-5FD45AF24167}.Debug|ARM64.Build.0 = Debug|Any CPU
		{AE2B69FA-9233-411F-98BC-5FD45AF24167}.Release|Any CPU.ActiveCfg = Release|Any CPU
		{AE2B69FA-9233-411F-98BC-5FD45AF24167}.Release|Any CPU.Build.0 = Release|Any CPU
		{AE2B69FA-9233-411F-98BC-5FD45AF24167}.Release|ARM64.ActiveCfg = Release|Any CPU
		{AE2B69FA-9233-411F-98BC-5FD45AF24167}.Release|ARM64.Build.0 = Release|Any CPU
		{96899867-986F-4BC2-A86A-7763F2F894D5}.Debug|Any CPU.ActiveCfg = Debug|Any CPU
		{96899867-986F-4BC2-A86A-7763F2F894D5}.Debug|Any CPU.Build.0 = Debug|Any CPU
		{96899867-986F-4BC2-A86A-7763F2F894D5}.Debug|ARM64.ActiveCfg = Debug|Any CPU
		{96899867-986F-4BC2-A86A-7763F2F894D5}.Debug|ARM64.Build.0 = Debug|Any CPU
		{96899867-986F-4BC2-A86A-7763F2F894D5}.Release|Any CPU.ActiveCfg = Release|Any CPU
		{96899867-986F-4BC2-A86A-7763F2F894D5}.Release|Any CPU.Build.0 = Release|Any CPU
		{96899867-986F-4BC2-A86A-7763F2F894D5}.Release|ARM64.ActiveCfg = Release|Any CPU
		{96899867-986F-4BC2-A86A-7763F2F894D5}.Release|ARM64.Build.0 = Release|Any CPU
		{C56B8471-E33B-463A-B0A5-90A7D8A20DDB}.Debug|Any CPU.ActiveCfg = Debug|Any CPU
		{C56B8471-E33B-463A-B0A5-90A7D8A20DDB}.Debug|Any CPU.Build.0 = Debug|Any CPU
		{C56B8471-E33B-463A-B0A5-90A7D8A20DDB}.Debug|ARM64.ActiveCfg = Debug|Any CPU
		{C56B8471-E33B-463A-B0A5-90A7D8A20DDB}.Debug|ARM64.Build.0 = Debug|Any CPU
		{C56B8471-E33B-463A-B0A5-90A7D8A20DDB}.Release|Any CPU.ActiveCfg = Release|Any CPU
		{C56B8471-E33B-463A-B0A5-90A7D8A20DDB}.Release|Any CPU.Build.0 = Release|Any CPU
		{C56B8471-E33B-463A-B0A5-90A7D8A20DDB}.Release|ARM64.ActiveCfg = Release|Any CPU
		{C56B8471-E33B-463A-B0A5-90A7D8A20DDB}.Release|ARM64.Build.0 = Release|Any CPU
		{A8026815-12AE-4CD2-9D45-CF663A76C1C1}.Debug|Any CPU.ActiveCfg = Debug|Any CPU
		{A8026815-12AE-4CD2-9D45-CF663A76C1C1}.Debug|Any CPU.Build.0 = Debug|Any CPU
		{A8026815-12AE-4CD2-9D45-CF663A76C1C1}.Debug|ARM64.ActiveCfg = Debug|Any CPU
		{A8026815-12AE-4CD2-9D45-CF663A76C1C1}.Debug|ARM64.Build.0 = Debug|Any CPU
		{A8026815-12AE-4CD2-9D45-CF663A76C1C1}.Release|Any CPU.ActiveCfg = Release|Any CPU
		{A8026815-12AE-4CD2-9D45-CF663A76C1C1}.Release|Any CPU.Build.0 = Release|Any CPU
		{A8026815-12AE-4CD2-9D45-CF663A76C1C1}.Release|ARM64.ActiveCfg = Release|Any CPU
		{A8026815-12AE-4CD2-9D45-CF663A76C1C1}.Release|ARM64.Build.0 = Release|Any CPU
		{027F26CC-452F-4FCF-8799-E48214C7F4C1}.Debug|Any CPU.ActiveCfg = Debug|Any CPU
		{027F26CC-452F-4FCF-8799-E48214C7F4C1}.Debug|Any CPU.Build.0 = Debug|Any CPU
		{027F26CC-452F-4FCF-8799-E48214C7F4C1}.Debug|ARM64.ActiveCfg = Debug|Any CPU
		{027F26CC-452F-4FCF-8799-E48214C7F4C1}.Debug|ARM64.Build.0 = Debug|Any CPU
		{027F26CC-452F-4FCF-8799-E48214C7F4C1}.Release|Any CPU.ActiveCfg = Release|Any CPU
		{027F26CC-452F-4FCF-8799-E48214C7F4C1}.Release|Any CPU.Build.0 = Release|Any CPU
		{027F26CC-452F-4FCF-8799-E48214C7F4C1}.Release|ARM64.ActiveCfg = Release|Any CPU
		{027F26CC-452F-4FCF-8799-E48214C7F4C1}.Release|ARM64.Build.0 = Release|Any CPU
		{93957BF5-BE0F-4FD2-9414-DC463AA9D30B}.Debug|Any CPU.ActiveCfg = Debug|Any CPU
		{93957BF5-BE0F-4FD2-9414-DC463AA9D30B}.Debug|Any CPU.Build.0 = Debug|Any CPU
		{93957BF5-BE0F-4FD2-9414-DC463AA9D30B}.Debug|ARM64.ActiveCfg = Debug|Any CPU
		{93957BF5-BE0F-4FD2-9414-DC463AA9D30B}.Debug|ARM64.Build.0 = Debug|Any CPU
		{93957BF5-BE0F-4FD2-9414-DC463AA9D30B}.Release|Any CPU.ActiveCfg = Release|Any CPU
		{93957BF5-BE0F-4FD2-9414-DC463AA9D30B}.Release|Any CPU.Build.0 = Release|Any CPU
		{93957BF5-BE0F-4FD2-9414-DC463AA9D30B}.Release|ARM64.ActiveCfg = Release|Any CPU
		{93957BF5-BE0F-4FD2-9414-DC463AA9D30B}.Release|ARM64.Build.0 = Release|Any CPU
		{AC4D7FA4-8D0F-41D8-89FA-EDA895C3B036}.Debug|Any CPU.ActiveCfg = Debug|Any CPU
		{AC4D7FA4-8D0F-41D8-89FA-EDA895C3B036}.Debug|Any CPU.Build.0 = Debug|Any CPU
		{AC4D7FA4-8D0F-41D8-89FA-EDA895C3B036}.Debug|ARM64.ActiveCfg = Debug|Any CPU
		{AC4D7FA4-8D0F-41D8-89FA-EDA895C3B036}.Debug|ARM64.Build.0 = Debug|Any CPU
		{AC4D7FA4-8D0F-41D8-89FA-EDA895C3B036}.Release|Any CPU.ActiveCfg = Release|Any CPU
		{AC4D7FA4-8D0F-41D8-89FA-EDA895C3B036}.Release|Any CPU.Build.0 = Release|Any CPU
		{AC4D7FA4-8D0F-41D8-89FA-EDA895C3B036}.Release|ARM64.ActiveCfg = Release|Any CPU
		{AC4D7FA4-8D0F-41D8-89FA-EDA895C3B036}.Release|ARM64.Build.0 = Release|Any CPU
		{6CD68EAD-2C28-474F-840C-40C4DB8AA42B}.Debug|Any CPU.ActiveCfg = Debug|Any CPU
		{6CD68EAD-2C28-474F-840C-40C4DB8AA42B}.Debug|Any CPU.Build.0 = Debug|Any CPU
		{6CD68EAD-2C28-474F-840C-40C4DB8AA42B}.Debug|ARM64.ActiveCfg = Debug|Any CPU
		{6CD68EAD-2C28-474F-840C-40C4DB8AA42B}.Debug|ARM64.Build.0 = Debug|Any CPU
		{6CD68EAD-2C28-474F-840C-40C4DB8AA42B}.Release|Any CPU.ActiveCfg = Release|Any CPU
		{6CD68EAD-2C28-474F-840C-40C4DB8AA42B}.Release|Any CPU.Build.0 = Release|Any CPU
		{6CD68EAD-2C28-474F-840C-40C4DB8AA42B}.Release|ARM64.ActiveCfg = Release|Any CPU
		{6CD68EAD-2C28-474F-840C-40C4DB8AA42B}.Release|ARM64.Build.0 = Release|Any CPU
		{2E835F67-C8C5-4B9E-90F5-F19F5BE9128E}.Debug|Any CPU.ActiveCfg = Debug|Any CPU
		{2E835F67-C8C5-4B9E-90F5-F19F5BE9128E}.Debug|Any CPU.Build.0 = Debug|Any CPU
		{2E835F67-C8C5-4B9E-90F5-F19F5BE9128E}.Debug|ARM64.ActiveCfg = Debug|Any CPU
		{2E835F67-C8C5-4B9E-90F5-F19F5BE9128E}.Debug|ARM64.Build.0 = Debug|Any CPU
		{2E835F67-C8C5-4B9E-90F5-F19F5BE9128E}.Release|Any CPU.ActiveCfg = Release|Any CPU
		{2E835F67-C8C5-4B9E-90F5-F19F5BE9128E}.Release|Any CPU.Build.0 = Release|Any CPU
		{2E835F67-C8C5-4B9E-90F5-F19F5BE9128E}.Release|ARM64.ActiveCfg = Release|Any CPU
		{2E835F67-C8C5-4B9E-90F5-F19F5BE9128E}.Release|ARM64.Build.0 = Release|Any CPU
		{46DBADA2-CE3B-49CF-B9E7-D87335BFB912}.Debug|Any CPU.ActiveCfg = Debug|Any CPU
		{46DBADA2-CE3B-49CF-B9E7-D87335BFB912}.Debug|Any CPU.Build.0 = Debug|Any CPU
		{46DBADA2-CE3B-49CF-B9E7-D87335BFB912}.Debug|ARM64.ActiveCfg = Debug|Any CPU
		{46DBADA2-CE3B-49CF-B9E7-D87335BFB912}.Debug|ARM64.Build.0 = Debug|Any CPU
		{46DBADA2-CE3B-49CF-B9E7-D87335BFB912}.Release|Any CPU.ActiveCfg = Release|Any CPU
		{46DBADA2-CE3B-49CF-B9E7-D87335BFB912}.Release|Any CPU.Build.0 = Release|Any CPU
		{46DBADA2-CE3B-49CF-B9E7-D87335BFB912}.Release|ARM64.ActiveCfg = Release|Any CPU
		{46DBADA2-CE3B-49CF-B9E7-D87335BFB912}.Release|ARM64.Build.0 = Release|Any CPU
		{A258195B-0519-4699-BD86-83D4F9E9C8EA}.Debug|Any CPU.ActiveCfg = Debug|Any CPU
		{A258195B-0519-4699-BD86-83D4F9E9C8EA}.Debug|Any CPU.Build.0 = Debug|Any CPU
		{A258195B-0519-4699-BD86-83D4F9E9C8EA}.Debug|ARM64.ActiveCfg = Debug|Any CPU
		{A258195B-0519-4699-BD86-83D4F9E9C8EA}.Debug|ARM64.Build.0 = Debug|Any CPU
		{A258195B-0519-4699-BD86-83D4F9E9C8EA}.Release|Any CPU.ActiveCfg = Release|Any CPU
		{A258195B-0519-4699-BD86-83D4F9E9C8EA}.Release|Any CPU.Build.0 = Release|Any CPU
		{A258195B-0519-4699-BD86-83D4F9E9C8EA}.Release|ARM64.ActiveCfg = Release|Any CPU
		{A258195B-0519-4699-BD86-83D4F9E9C8EA}.Release|ARM64.Build.0 = Release|Any CPU
	EndGlobalSection
	GlobalSection(SolutionProperties) = preSolution
		HideSolutionNode = FALSE
	EndGlobalSection
	GlobalSection(ExtensibilityGlobals) = postSolution
		SolutionGuid = {EBAEED35-E573-4AA3-85F2-0222360CE454}
	EndGlobalSection
EndGlobal
