
Microsoft Visual Studio Solution File, Format Version 12.00
# Visual Studio Version 17
VisualStudioVersion = 17.10.35027.167
MinimumVisualStudioVersion = 10.0.40219.1
Project("{FAE04EC0-301F-11D3-BF4B-00C04F79EFBC}") = "EvolutiveSystem-01", "EvolutiveSystem-01\EvolutiveSystem-01.csproj", "{635D8B44-646A-43A5-BAA7-50E4DDCF8D73}"
EndProject
Project("{FAE04EC0-301F-11D3-BF4B-00C04F79EFBC}") = "SocketManagerInfo", "SocketManagerInfo\SocketManagerInfo.csproj", "{86479DBC-394F-4EE6-B833-4241DC4543F9}"
EndProject
Project("{FAE04EC0-301F-11D3-BF4B-00C04F79EFBC}") = "MasterLogMutex", "MasterLogMutex\MasterLogMutex.csproj", "{D990905E-13C5-40E4-95C0-B16737834777}"
EndProject
Project("{FAE04EC0-301F-11D3-BF4B-00C04F79EFBC}") = "MessaggiErrore", "MessaggiErrore\MessaggiErrore.csproj", "{C4BE31BA-71EC-420F-AD75-58C661011B5A}"
EndProject
Project("{FAE04EC0-301F-11D3-BF4B-00C04F79EFBC}") = "SocketManager", "SocketManager\SocketManager.csproj", "{D628C45F-2369-4E52-9CB6-EF7D6E1888DD}"
EndProject
Project("{FAE04EC0-301F-11D3-BF4B-00C04F79EFBC}") = "InputBoxForm", "InputBoxForm\InputBoxForm.csproj", "{B92B009D-E6C4-4581-AF23-7C5A78A9800F}"
EndProject
Project("{FAE04EC0-301F-11D3-BF4B-00C04F79EFBC}") = "EvolutiveSystem.Core", "EvolutiveSystem.Core\EvolutiveSystem.Core.csproj", "{A193E8C9-5AFA-4D49-ADFA-F25891B1A8EB}"
EndProject
Project("{FAE04EC0-301F-11D3-BF4B-00C04F79EFBC}") = "MIU.Core", "MIU.Core\MIU.Core.csproj", "{08BE24DF-CAE2-4056-A14E-80AAE6D10C87}"
EndProject
Project("{FAE04EC0-301F-11D3-BF4B-00C04F79EFBC}") = "EvolutiveSystem-02", "EvolutiveSystem-02\EvolutiveSystem-02.csproj", "{75D432B0-6FBF-4FDD-AF18-D9B67CEE3931}"
EndProject
Project("{FAE04EC0-301F-11D3-BF4B-00C04F79EFBC}") = "EvolutiveSystem.SQL.Core", "EvolutiveSystem.SQL.Core\EvolutiveSystem.SQL.Core.csproj", "{59F3126F-6FED-40D0-AB71-5439FE3F161F}"
EndProject
Project("{FAE04EC0-301F-11D3-BF4B-00C04F79EFBC}") = "EvolutiveSystem.Common", "EvolutiveSystem.Common\EvolutiveSystem.Common.csproj", "{9D613C08-BA04-4F37-8CCE-628BFA9256D4}"
EndProject
Project("{FAE04EC0-301F-11D3-BF4B-00C04F79EFBC}") = "AsyncSocketServer", "AsyncSocketServer\AsyncSocketServer\AsyncSocketServer.csproj", "{C56B8471-E33B-463A-B0A5-90A7D8A20DDB}"
EndProject
Global
	GlobalSection(SolutionConfigurationPlatforms) = preSolution
		Debug|Any CPU = Debug|Any CPU
		Debug|ARM64 = Debug|ARM64
		Release|Any CPU = Release|Any CPU
		Release|ARM64 = Release|ARM64
	EndGlobalSection
	GlobalSection(ProjectConfigurationPlatforms) = postSolution
		{635D8B44-646A-43A5-BAA7-50E4DDCF8D73}.Debug|Any CPU.ActiveCfg = Debug|Any CPU
		{635D8B44-646A-43A5-BAA7-50E4DDCF8D73}.Debug|Any CPU.Build.0 = Debug|Any CPU
		{635D8B44-646A-43A5-BAA7-50E4DDCF8D73}.Debug|ARM64.ActiveCfg = Debug|Any CPU
		{635D8B44-646A-43A5-BAA7-50E4DDCF8D73}.Debug|ARM64.Build.0 = Debug|Any CPU
		{635D8B44-646A-43A5-BAA7-50E4DDCF8D73}.Release|Any CPU.ActiveCfg = Release|Any CPU
		{635D8B44-646A-43A5-BAA7-50E4DDCF8D73}.Release|Any CPU.Build.0 = Release|Any CPU
		{635D8B44-646A-43A5-BAA7-50E4DDCF8D73}.Release|ARM64.ActiveCfg = Release|Any CPU
		{635D8B44-646A-43A5-BAA7-50E4DDCF8D73}.Release|ARM64.Build.0 = Release|Any CPU
		{86479DBC-394F-4EE6-B833-4241DC4543F9}.Debug|Any CPU.ActiveCfg = Debug|Any CPU
		{86479DBC-394F-4EE6-B833-4241DC4543F9}.Debug|Any CPU.Build.0 = Debug|Any CPU
		{86479DBC-394F-4EE6-B833-4241DC4543F9}.Debug|ARM64.ActiveCfg = Debug|Any CPU
		{86479DBC-394F-4EE6-B833-4241DC4543F9}.Debug|ARM64.Build.0 = Debug|Any CPU
		{86479DBC-394F-4EE6-B833-4241DC4543F9}.Release|Any CPU.ActiveCfg = Release|Any CPU
		{86479DBC-394F-4EE6-B833-4241DC4543F9}.Release|Any CPU.Build.0 = Release|Any CPU
		{86479DBC-394F-4EE6-B833-4241DC4543F9}.Release|ARM64.ActiveCfg = Release|Any CPU
		{86479DBC-394F-4EE6-B833-4241DC4543F9}.Release|ARM64.Build.0 = Release|Any CPU
		{D990905E-13C5-40E4-95C0-B16737834777}.Debug|Any CPU.ActiveCfg = Debug|Any CPU
		{D990905E-13C5-40E4-95C0-B16737834777}.Debug|Any CPU.Build.0 = Debug|Any CPU
		{D990905E-13C5-40E4-95C0-B16737834777}.Debug|ARM64.ActiveCfg = Debug|Any CPU
		{D990905E-13C5-40E4-95C0-B16737834777}.Debug|ARM64.Build.0 = Debug|Any CPU
		{D990905E-13C5-40E4-95C0-B16737834777}.Release|Any CPU.ActiveCfg = Release|Any CPU
		{D990905E-13C5-40E4-95C0-B16737834777}.Release|Any CPU.Build.0 = Release|Any CPU
		{D990905E-13C5-40E4-95C0-B16737834777}.Release|ARM64.ActiveCfg = Release|Any CPU
		{D990905E-13C5-40E4-95C0-B16737834777}.Release|ARM64.Build.0 = Release|Any CPU
		{C4BE31BA-71EC-420F-AD75-58C661011B5A}.Debug|Any CPU.ActiveCfg = Debug|Any CPU
		{C4BE31BA-71EC-420F-AD75-58C661011B5A}.Debug|Any CPU.Build.0 = Debug|Any CPU
		{C4BE31BA-71EC-420F-AD75-58C661011B5A}.Debug|ARM64.ActiveCfg = Debug|Any CPU
		{C4BE31BA-71EC-420F-AD75-58C661011B5A}.Debug|ARM64.Build.0 = Debug|Any CPU
		{C4BE31BA-71EC-420F-AD75-58C661011B5A}.Release|Any CPU.ActiveCfg = Release|Any CPU
		{C4BE31BA-71EC-420F-AD75-58C661011B5A}.Release|Any CPU.Build.0 = Release|Any CPU
		{C4BE31BA-71EC-420F-AD75-58C661011B5A}.Release|ARM64.ActiveCfg = Release|Any CPU
		{C4BE31BA-71EC-420F-AD75-58C661011B5A}.Release|ARM64.Build.0 = Release|Any CPU
		{D628C45F-2369-4E52-9CB6-EF7D6E1888DD}.Debug|Any CPU.ActiveCfg = Debug|Any CPU
		{D628C45F-2369-4E52-9CB6-EF7D6E1888DD}.Debug|Any CPU.Build.0 = Debug|Any CPU
		{D628C45F-2369-4E52-9CB6-EF7D6E1888DD}.Debug|ARM64.ActiveCfg = Debug|Any CPU
		{D628C45F-2369-4E52-9CB6-EF7D6E1888DD}.Debug|ARM64.Build.0 = Debug|Any CPU
		{D628C45F-2369-4E52-9CB6-EF7D6E1888DD}.Release|Any CPU.ActiveCfg = Release|Any CPU
		{D628C45F-2369-4E52-9CB6-EF7D6E1888DD}.Release|Any CPU.Build.0 = Release|Any CPU
		{D628C45F-2369-4E52-9CB6-EF7D6E1888DD}.Release|ARM64.ActiveCfg = Release|Any CPU
		{D628C45F-2369-4E52-9CB6-EF7D6E1888DD}.Release|ARM64.Build.0 = Release|Any CPU
		{B92B009D-E6C4-4581-AF23-7C5A78A9800F}.Debug|Any CPU.ActiveCfg = Debug|Any CPU
		{B92B009D-E6C4-4581-AF23-7C5A78A9800F}.Debug|Any CPU.Build.0 = Debug|Any CPU
		{B92B009D-E6C4-4581-AF23-7C5A78A9800F}.Debug|ARM64.ActiveCfg = Debug|Any CPU
		{B92B009D-E6C4-4581-AF23-7C5A78A9800F}.Debug|ARM64.Build.0 = Debug|Any CPU
		{B92B009D-E6C4-4581-AF23-7C5A78A9800F}.Release|Any CPU.ActiveCfg = Release|Any CPU
		{B92B009D-E6C4-4581-AF23-7C5A78A9800F}.Release|Any CPU.Build.0 = Release|Any CPU
		{B92B009D-E6C4-4581-AF23-7C5A78A9800F}.Release|ARM64.ActiveCfg = Release|Any CPU
		{B92B009D-E6C4-4581-AF23-7C5A78A9800F}.Release|ARM64.Build.0 = Release|Any CPU
		{A193E8C9-5AFA-4D49-ADFA-F25891B1A8EB}.Debug|Any CPU.ActiveCfg = Debug|Any CPU
		{A193E8C9-5AFA-4D49-ADFA-F25891B1A8EB}.Debug|Any CPU.Build.0 = Debug|Any CPU
		{A193E8C9-5AFA-4D49-ADFA-F25891B1A8EB}.Debug|ARM64.ActiveCfg = Debug|Any CPU
		{A193E8C9-5AFA-4D49-ADFA-F25891B1A8EB}.Debug|ARM64.Build.0 = Debug|Any CPU
		{A193E8C9-5AFA-4D49-ADFA-F25891B1A8EB}.Release|Any CPU.ActiveCfg = Release|Any CPU
		{A193E8C9-5AFA-4D49-ADFA-F25891B1A8EB}.Release|Any CPU.Build.0 = Release|Any CPU
		{A193E8C9-5AFA-4D49-ADFA-F25891B1A8EB}.Release|ARM64.ActiveCfg = Release|Any CPU
		{A193E8C9-5AFA-4D49-ADFA-F25891B1A8EB}.Release|ARM64.Build.0 = Release|Any CPU
		{08BE24DF-CAE2-4056-A14E-80AAE6D10C87}.Debug|Any CPU.ActiveCfg = Debug|Any CPU
		{08BE24DF-CAE2-4056-A14E-80AAE6D10C87}.Debug|Any CPU.Build.0 = Debug|Any CPU
		{08BE24DF-CAE2-4056-A14E-80AAE6D10C87}.Debug|ARM64.ActiveCfg = Debug|Any CPU
		{08BE24DF-CAE2-4056-A14E-80AAE6D10C87}.Debug|ARM64.Build.0 = Debug|Any CPU
		{08BE24DF-CAE2-4056-A14E-80AAE6D10C87}.Release|Any CPU.ActiveCfg = Release|Any CPU
		{08BE24DF-CAE2-4056-A14E-80AAE6D10C87}.Release|Any CPU.Build.0 = Release|Any CPU
		{08BE24DF-CAE2-4056-A14E-80AAE6D10C87}.Release|ARM64.ActiveCfg = Release|Any CPU
		{08BE24DF-CAE2-4056-A14E-80AAE6D10C87}.Release|ARM64.Build.0 = Release|Any CPU
		{75D432B0-6FBF-4FDD-AF18-D9B67CEE3931}.Debug|Any CPU.ActiveCfg = Debug|Any CPU
		{75D432B0-6FBF-4FDD-AF18-D9B67CEE3931}.Debug|Any CPU.Build.0 = Debug|Any CPU
		{75D432B0-6FBF-4FDD-AF18-D9B67CEE3931}.Debug|ARM64.ActiveCfg = Debug|Any CPU
		{75D432B0-6FBF-4FDD-AF18-D9B67CEE3931}.Debug|ARM64.Build.0 = Debug|Any CPU
		{75D432B0-6FBF-4FDD-AF18-D9B67CEE3931}.Release|Any CPU.ActiveCfg = Release|Any CPU
		{75D432B0-6FBF-4FDD-AF18-D9B67CEE3931}.Release|Any CPU.Build.0 = Release|Any CPU
		{75D432B0-6FBF-4FDD-AF18-D9B67CEE3931}.Release|ARM64.ActiveCfg = Release|Any CPU
		{75D432B0-6FBF-4FDD-AF18-D9B67CEE3931}.Release|ARM64.Build.0 = Release|Any CPU
		{59F3126F-6FED-40D0-AB71-5439FE3F161F}.Debug|Any CPU.ActiveCfg = Debug|Any CPU
		{59F3126F-6FED-40D0-AB71-5439FE3F161F}.Debug|Any CPU.Build.0 = Debug|Any CPU
		{59F3126F-6FED-40D0-AB71-5439FE3F161F}.Debug|ARM64.ActiveCfg = Debug|Any CPU
		{59F3126F-6FED-40D0-AB71-5439FE3F161F}.Debug|ARM64.Build.0 = Debug|Any CPU
		{59F3126F-6FED-40D0-AB71-5439FE3F161F}.Release|Any CPU.ActiveCfg = Release|Any CPU
		{59F3126F-6FED-40D0-AB71-5439FE3F161F}.Release|Any CPU.Build.0 = Release|Any CPU
		{59F3126F-6FED-40D0-AB71-5439FE3F161F}.Release|ARM64.ActiveCfg = Release|Any CPU
		{59F3126F-6FED-40D0-AB71-5439FE3F161F}.Release|ARM64.Build.0 = Release|Any CPU
		{9D613C08-BA04-4F37-8CCE-628BFA9256D4}.Debug|Any CPU.ActiveCfg = Debug|Any CPU
		{9D613C08-BA04-4F37-8CCE-628BFA9256D4}.Debug|Any CPU.Build.0 = Debug|Any CPU
		{9D613C08-BA04-4F37-8CCE-628BFA9256D4}.Debug|ARM64.ActiveCfg = Debug|Any CPU
		{9D613C08-BA04-4F37-8CCE-628BFA9256D4}.Debug|ARM64.Build.0 = Debug|Any CPU
		{9D613C08-BA04-4F37-8CCE-628BFA9256D4}.Release|Any CPU.ActiveCfg = Release|Any CPU
		{9D613C08-BA04-4F37-8CCE-628BFA9256D4}.Release|Any CPU.Build.0 = Release|Any CPU
		{9D613C08-BA04-4F37-8CCE-628BFA9256D4}.Release|ARM64.ActiveCfg = Release|Any CPU
		{9D613C08-BA04-4F37-8CCE-628BFA9256D4}.Release|ARM64.Build.0 = Release|Any CPU
		{C56B8471-E33B-463A-B0A5-90A7D8A20DDB}.Debug|Any CPU.ActiveCfg = Debug|Any CPU
		{C56B8471-E33B-463A-B0A5-90A7D8A20DDB}.Debug|Any CPU.Build.0 = Debug|Any CPU
		{C56B8471-E33B-463A-B0A5-90A7D8A20DDB}.Debug|ARM64.ActiveCfg = Debug|Any CPU
		{C56B8471-E33B-463A-B0A5-90A7D8A20DDB}.Debug|ARM64.Build.0 = Debug|Any CPU
		{C56B8471-E33B-463A-B0A5-90A7D8A20DDB}.Release|Any CPU.ActiveCfg = Release|Any CPU
		{C56B8471-E33B-463A-B0A5-90A7D8A20DDB}.Release|Any CPU.Build.0 = Release|Any CPU
		{C56B8471-E33B-463A-B0A5-90A7D8A20DDB}.Release|ARM64.ActiveCfg = Release|Any CPU
		{C56B8471-E33B-463A-B0A5-90A7D8A20DDB}.Release|ARM64.Build.0 = Release|Any CPU
	EndGlobalSection
	GlobalSection(SolutionProperties) = preSolution
		HideSolutionNode = FALSE
	EndGlobalSection
	GlobalSection(ExtensibilityGlobals) = postSolution
		SolutionGuid = {EBAEED35-E573-4AA3-85F2-0222360CE454}
	EndGlobalSection
EndGlobal
